
Microsoft Visual Studio Solution File, Format Version 12.00
# Visual Studio 15
VisualStudioVersion = 15.0.27004.2002
MinimumVisualStudioVersion = 10.0.40219.1
Project("{8BC9CEB8-8B4A-11D0-8D11-00A0C91BC942}") = "SP2_Environment_Submission", "SP2_Environment_Submission\SP2_Environment_Submission.vcxproj", "{92FF0B60-2C97-4856-A8E8-00E3D249B8EC}"
EndProject
Global
	GlobalSection(SolutionConfigurationPlatforms) = preSolution
		Debug|x64 = Debug|x64
		Debug|x86 = Debug|x86
		Release|x64 = Release|x64
		Release|x86 = Release|x86
	EndGlobalSection
	GlobalSection(ProjectConfigurationPlatforms) = postSolution
		{92FF0B60-2C97-4856-A8E8-00E3D249B8EC}.Debug|x64.ActiveCfg = Debug|x64
		{92FF0B60-2C97-4856-A8E8-00E3D249B8EC}.Debug|x64.Build.0 = Debug|x64
		{92FF0B60-2C97-4856-A8E8-00E3D249B8EC}.Debug|x86.ActiveCfg = Debug|Win32
		{92FF0B60-2C97-4856-A8E8-00E3D249B8EC}.Debug|x86.Build.0 = Debug|Win32
		{92FF0B60-2C97-4856-A8E8-00E3D249B8EC}.Release|x64.ActiveCfg = Release|x64
		{92FF0B60-2C97-4856-A8E8-00E3D249B8EC}.Release|x64.Build.0 = Release|x64
		{92FF0B60-2C97-4856-A8E8-00E3D249B8EC}.Release|x86.ActiveCfg = Release|Win32
		{92FF0B60-2C97-4856-A8E8-00E3D249B8EC}.Release|x86.Build.0 = Release|Win32
	EndGlobalSection
	GlobalSection(SolutionProperties) = preSolution
		HideSolutionNode = FALSE
	EndGlobalSection
	GlobalSection(ExtensibilityGlobals) = postSolution
		SolutionGuid = {4D1EEAEE-FC11-43FD-AA7F-365A51AD74A8}
	EndGlobalSection
EndGlobal
